
Microsoft Visual Studio Solution File, Format Version 12.00
# Visual Studio Version 17
VisualStudioVersion = 17.5.002.0
MinimumVisualStudioVersion = 10.0.40219.1
Project("{9A19103F-16F7-4668-BE54-9A1E7A4F7556}") = "Persis", "Persis.csproj", "{0F817F6F-2EAC-4B13-A992-63B005B6F062}"
EndProject
Global
	GlobalSection(SolutionConfigurationPlatforms) = preSolution
		Debug|Any CPU = Debug|Any CPU
		Release|Any CPU = Release|Any CPU
	EndGlobalSection
	GlobalSection(ProjectConfigurationPlatforms) = postSolution
		{0F817F6F-2EAC-4B13-A992-63B005B6F062}.Debug|Any CPU.ActiveCfg = Debug|Any CPU
		{0F817F6F-2EAC-4B13-A992-63B005B6F062}.Debug|Any CPU.Build.0 = Debug|Any CPU
		{0F817F6F-2EAC-4B13-A992-63B005B6F062}.Release|Any CPU.ActiveCfg = Release|Any CPU
		{0F817F6F-2EAC-4B13-A992-63B005B6F062}.Release|Any CPU.Build.0 = Release|Any CPU
	EndGlobalSection
	GlobalSection(SolutionProperties) = preSolution
		HideSolutionNode = FALSE
	EndGlobalSection
	GlobalSection(ExtensibilityGlobals) = postSolution
		SolutionGuid = {D40D725F-CC50-4755-B933-2617079A1EBB}
	EndGlobalSection
EndGlobal
